
Microsoft Visual Studio Solution File, Format Version 11.00
# Visual Studio 2010
Project("{8BC9CEB8-8B4A-11D0-8D11-00A0C91BC942}") = "stek", "stek\stek.vcxproj", "{6FAE5BD8-36D5-44E8-A59C-6C91D08B5206}"
EndProject
Global
	GlobalSection(SolutionConfigurationPlatforms) = preSolution
		Debug|Win32 = Debug|Win32
		Release|Win32 = Release|Win32
	EndGlobalSection
	GlobalSection(ProjectConfigurationPlatforms) = postSolution
		{6FAE5BD8-36D5-44E8-A59C-6C91D08B5206}.Debug|Win32.ActiveCfg = Debug|Win32
		{6FAE5BD8-36D5-44E8-A59C-6C91D08B5206}.Debug|Win32.Build.0 = Debug|Win32
		{6FAE5BD8-36D5-44E8-A59C-6C91D08B5206}.Release|Win32.ActiveCfg = Release|Win32
		{6FAE5BD8-36D5-44E8-A59C-6C91D08B5206}.Release|Win32.Build.0 = Release|Win32
	EndGlobalSection
	GlobalSection(SolutionProperties) = preSolution
		HideSolutionNode = FALSE
	EndGlobalSection
EndGlobal
